
Microsoft Visual Studio Solution File, Format Version 12.00
# Visual Studio Version 16
VisualStudioVersion = 16.0.31605.320
MinimumVisualStudioVersion = 10.0.40219.1
Project("{FAE04EC0-301F-11D3-BF4B-00C04F79EFBC}") = "Чотчаев Рашид лабороторная 1 БББО-05-20", "Чотчаев Рашид лабороторная 1 БББО-05-20\Чотчаев Рашид лабороторная 1 БББО-05-20.csproj", "{0A2DD83A-2F91-45AB-9A97-7BD060844AA7}"
EndProject
Global
	GlobalSection(SolutionConfigurationPlatforms) = preSolution
		Debug|Any CPU = Debug|Any CPU
		Release|Any CPU = Release|Any CPU
	EndGlobalSection
	GlobalSection(ProjectConfigurationPlatforms) = postSolution
		{0A2DD83A-2F91-45AB-9A97-7BD060844AA7}.Debug|Any CPU.ActiveCfg = Debug|Any CPU
		{0A2DD83A-2F91-45AB-9A97-7BD060844AA7}.Debug|Any CPU.Build.0 = Debug|Any CPU
		{0A2DD83A-2F91-45AB-9A97-7BD060844AA7}.Release|Any CPU.ActiveCfg = Release|Any CPU
		{0A2DD83A-2F91-45AB-9A97-7BD060844AA7}.Release|Any CPU.Build.0 = Release|Any CPU
	EndGlobalSection
	GlobalSection(SolutionProperties) = preSolution
		HideSolutionNode = FALSE
	EndGlobalSection
	GlobalSection(ExtensibilityGlobals) = postSolution
		SolutionGuid = {9DC03A87-1138-4008-A7BE-42121F9A697F}
	EndGlobalSection
EndGlobal
